
Microsoft Visual Studio Solution File, Format Version 11.00
# Visual Studio 2010
VisualStudioVersion = 12.0.21005.1
MinimumVisualStudioVersion = 10.0.40219.1
Project("{2150E333-8FDC-42A3-9474-1A3956D46DE8}") = "01 User Interface", "01 User Interface", "{7E714F69-38C6-448C-B9D3-BAD01579D823}"
EndProject
Project("{2150E333-8FDC-42A3-9474-1A3956D46DE8}") = "02 Business Logic", "02 Business Logic", "{7CDDCB5C-321F-4A95-A729-13ECE88C9B1E}"
EndProject
Project("{2150E333-8FDC-42A3-9474-1A3956D46DE8}") = "05 ThirdPartySDK", "05 ThirdPartySDK", "{D29D7012-B5D8-4834-BC1D-CD7315B172DC}"
EndProject
Project("{2150E333-8FDC-42A3-9474-1A3956D46DE8}") = "04 Plugins", "04 Plugins", "{CE5461C9-92AD-4508-90CF-509A5FDA74F6}"
EndProject
Project("{2150E333-8FDC-42A3-9474-1A3956D46DE8}") = "03 Libraries", "03 Libraries", "{E737BD1F-68B0-4358-9723-6C25EC1F3244}"
EndProject
Project("{2150E333-8FDC-42A3-9474-1A3956D46DE8}") = "06 Tests", "06 Tests", "{1A80BBEF-C017-44FE-9BDA-6E3FACB1BFA9}"
	ProjectSection(SolutionItems) = preProject
		Ocean.Web\Content\m\index.html = Ocean.Web\Content\m\index.html
	EndProjectSection
EndProject
Project("{2150E333-8FDC-42A3-9474-1A3956D46DE8}") = "07 Document", "07 Document", "{36F8A558-F436-4AC1-85A9-98BA7257523D}"
	ProjectSection(SolutionItems) = preProject
		EF-Repository.txt = EF-Repository.txt
		Document\学习笔记.txt = Document\学习笔记.txt
	EndProjectSection
EndProject
Project("{FAE04EC0-301F-11D3-BF4B-00C04F79EFBC}") = "Ocean.Core", "Ocean.Core\Ocean.Core.csproj", "{1059904B-5189-4313-BD88-9392CAEC3C90}"
EndProject
Project("{FAE04EC0-301F-11D3-BF4B-00C04F79EFBC}") = "Ocean.UnitTests", "Ocean.UnitTests\Ocean.UnitTests.csproj", "{B33D9673-ACCD-4C3A-B4B4-47AFD837DCC5}"
EndProject
Project("{FAE04EC0-301F-11D3-BF4B-00C04F79EFBC}") = "Ocean.Entity", "Ocean.Entity\Ocean.Entity.csproj", "{47AC8705-1AE1-4817-8F0E-6884534DD1FC}"
EndProject
Project("{FAE04EC0-301F-11D3-BF4B-00C04F79EFBC}") = "Ocean.Services", "Ocean.Services\Ocean.Services.csproj", "{52CA3481-4A64-4D45-BE80-D4DDD36BF062}"
EndProject
Project("{FAE04EC0-301F-11D3-BF4B-00C04F79EFBC}") = "Ocean.Data", "Ocean.Data\Ocean.Data.csproj", "{B21C8CD3-E038-4615-BC4F-864BF3EDEEDE}"
EndProject
Project("{FAE04EC0-301F-11D3-BF4B-00C04F79EFBC}") = "Ocean.Admin", "Ocean.Admin\Ocean.Admin.csproj", "{577B6809-0D6E-4783-B457-7F34D3B765A3}"
EndProject
Project("{FAE04EC0-301F-11D3-BF4B-00C04F79EFBC}") = "Ocean.Web", "Ocean.Web\Ocean.Web.csproj", "{22AFD641-6881-4889-8F1C-DF1CDBDE94C7}"
EndProject
Project("{FAE04EC0-301F-11D3-BF4B-00C04F79EFBC}") = "Ocean.Plugins.Chat", "Ocean.Plugins\Chat\Ocean.Plugins.Chat.csproj", "{A775A1F0-9BC7-4C2A-9FAF-6AF87B4CED05}"
EndProject
Project("{FAE04EC0-301F-11D3-BF4B-00C04F79EFBC}") = "Ocean.Framework", "Ocean.Framework\Ocean.Framework.csproj", "{8BA3D933-8089-4E81-BC57-A2A41FCA2035}"
EndProject
Project("{FAE04EC0-301F-11D3-BF4B-00C04F79EFBC}") = "Ocean.Page", "Ocean.Page\Ocean.Page.csproj", "{C5F02708-A1A9-4CC8-A92F-9EDC59717222}"
EndProject
Project("{FAE04EC0-301F-11D3-BF4B-00C04F79EFBC}") = "Senparc.Weixin.MP", "ThirdPartySDK\Senparc.Weixin.MP\Senparc.Weixin.MP.csproj", "{1D815FBF-451C-4E23-939C-CB80172F445C}"
EndProject
Project("{FAE04EC0-301F-11D3-BF4B-00C04F79EFBC}") = "Senparc.Weixin.MP.CommonService", "ThirdPartySDK\Senparc.Weixin.MP.CommonService\Senparc.Weixin.MP.CommonService.csproj", "{CCD291E9-16FA-4B53-B032-EBD3F659567B}"
EndProject
Project("{FAE04EC0-301F-11D3-BF4B-00C04F79EFBC}") = "Senparc.Weixin.MP.MvcExtension", "ThirdPartySDK\Senparc.Weixin.MP.MvcExtension\Senparc.Weixin.MP.MvcExtension.csproj", "{EE8630BC-6191-4C40-9061-12C76342562D}"
EndProject
Project("{FAE04EC0-301F-11D3-BF4B-00C04F79EFBC}") = "Ocean.Communication.Model", "ThirdPartySDK\Ocean.Communication.Model\Ocean.Communication.Model.csproj", "{28733143-8A02-4EF7-8C42-F45BDCC56131}"
EndProject
Project("{FAE04EC0-301F-11D3-BF4B-00C04F79EFBC}") = "Ocean.Communication.Common", "ThirdPartySDK\Ocean.Communication.Common\Ocean.Communication.Common.csproj", "{E6BEA15C-7067-46C6-85A1-1D3AADA1E178}"
EndProject
Project("{FAE04EC0-301F-11D3-BF4B-00C04F79EFBC}") = "Ocean.Communication", "ThirdPartySDK\Ocean.Communication\Ocean.Communication.csproj", "{4B5A6872-985A-4D9D-A870-45253B1515C4}"
EndProject
Global
	GlobalSection(SolutionConfigurationPlatforms) = preSolution
		Debug|Any CPU = Debug|Any CPU
		Release|Any CPU = Release|Any CPU
		Test|Any CPU = Test|Any CPU
	EndGlobalSection
	GlobalSection(ProjectConfigurationPlatforms) = postSolution
		{1059904B-5189-4313-BD88-9392CAEC3C90}.Debug|Any CPU.ActiveCfg = Debug|Any CPU
		{1059904B-5189-4313-BD88-9392CAEC3C90}.Debug|Any CPU.Build.0 = Debug|Any CPU
		{1059904B-5189-4313-BD88-9392CAEC3C90}.Release|Any CPU.ActiveCfg = Release|Any CPU
		{1059904B-5189-4313-BD88-9392CAEC3C90}.Release|Any CPU.Build.0 = Release|Any CPU
		{1059904B-5189-4313-BD88-9392CAEC3C90}.Test|Any CPU.ActiveCfg = Release|Any CPU
		{1059904B-5189-4313-BD88-9392CAEC3C90}.Test|Any CPU.Build.0 = Release|Any CPU
		{B33D9673-ACCD-4C3A-B4B4-47AFD837DCC5}.Debug|Any CPU.ActiveCfg = Debug|Any CPU
		{B33D9673-ACCD-4C3A-B4B4-47AFD837DCC5}.Debug|Any CPU.Build.0 = Debug|Any CPU
		{B33D9673-ACCD-4C3A-B4B4-47AFD837DCC5}.Release|Any CPU.ActiveCfg = Release|Any CPU
		{B33D9673-ACCD-4C3A-B4B4-47AFD837DCC5}.Release|Any CPU.Build.0 = Release|Any CPU
		{B33D9673-ACCD-4C3A-B4B4-47AFD837DCC5}.Test|Any CPU.ActiveCfg = Release|Any CPU
		{B33D9673-ACCD-4C3A-B4B4-47AFD837DCC5}.Test|Any CPU.Build.0 = Release|Any CPU
		{47AC8705-1AE1-4817-8F0E-6884534DD1FC}.Debug|Any CPU.ActiveCfg = Debug|Any CPU
		{47AC8705-1AE1-4817-8F0E-6884534DD1FC}.Debug|Any CPU.Build.0 = Debug|Any CPU
		{47AC8705-1AE1-4817-8F0E-6884534DD1FC}.Release|Any CPU.ActiveCfg = Release|Any CPU
		{47AC8705-1AE1-4817-8F0E-6884534DD1FC}.Release|Any CPU.Build.0 = Release|Any CPU
		{47AC8705-1AE1-4817-8F0E-6884534DD1FC}.Test|Any CPU.ActiveCfg = Release|Any CPU
		{47AC8705-1AE1-4817-8F0E-6884534DD1FC}.Test|Any CPU.Build.0 = Release|Any CPU
		{52CA3481-4A64-4D45-BE80-D4DDD36BF062}.Debug|Any CPU.ActiveCfg = Debug|Any CPU
		{52CA3481-4A64-4D45-BE80-D4DDD36BF062}.Debug|Any CPU.Build.0 = Debug|Any CPU
		{52CA3481-4A64-4D45-BE80-D4DDD36BF062}.Release|Any CPU.ActiveCfg = Release|Any CPU
		{52CA3481-4A64-4D45-BE80-D4DDD36BF062}.Release|Any CPU.Build.0 = Release|Any CPU
		{52CA3481-4A64-4D45-BE80-D4DDD36BF062}.Test|Any CPU.ActiveCfg = Release|Any CPU
		{52CA3481-4A64-4D45-BE80-D4DDD36BF062}.Test|Any CPU.Build.0 = Release|Any CPU
		{B21C8CD3-E038-4615-BC4F-864BF3EDEEDE}.Debug|Any CPU.ActiveCfg = Debug|Any CPU
		{B21C8CD3-E038-4615-BC4F-864BF3EDEEDE}.Debug|Any CPU.Build.0 = Debug|Any CPU
		{B21C8CD3-E038-4615-BC4F-864BF3EDEEDE}.Release|Any CPU.ActiveCfg = Release|Any CPU
		{B21C8CD3-E038-4615-BC4F-864BF3EDEEDE}.Release|Any CPU.Build.0 = Release|Any CPU
		{B21C8CD3-E038-4615-BC4F-864BF3EDEEDE}.Test|Any CPU.ActiveCfg = Release|Any CPU
		{B21C8CD3-E038-4615-BC4F-864BF3EDEEDE}.Test|Any CPU.Build.0 = Release|Any CPU
		{577B6809-0D6E-4783-B457-7F34D3B765A3}.Debug|Any CPU.ActiveCfg = Debug|Any CPU
		{577B6809-0D6E-4783-B457-7F34D3B765A3}.Debug|Any CPU.Build.0 = Debug|Any CPU
		{577B6809-0D6E-4783-B457-7F34D3B765A3}.Release|Any CPU.ActiveCfg = Release|Any CPU
		{577B6809-0D6E-4783-B457-7F34D3B765A3}.Release|Any CPU.Build.0 = Release|Any CPU
		{577B6809-0D6E-4783-B457-7F34D3B765A3}.Test|Any CPU.ActiveCfg = Release|Any CPU
		{577B6809-0D6E-4783-B457-7F34D3B765A3}.Test|Any CPU.Build.0 = Release|Any CPU
		{22AFD641-6881-4889-8F1C-DF1CDBDE94C7}.Debug|Any CPU.ActiveCfg = Debug|Any CPU
		{22AFD641-6881-4889-8F1C-DF1CDBDE94C7}.Debug|Any CPU.Build.0 = Debug|Any CPU
		{22AFD641-6881-4889-8F1C-DF1CDBDE94C7}.Release|Any CPU.ActiveCfg = Release|Any CPU
		{22AFD641-6881-4889-8F1C-DF1CDBDE94C7}.Release|Any CPU.Build.0 = Release|Any CPU
		{22AFD641-6881-4889-8F1C-DF1CDBDE94C7}.Test|Any CPU.ActiveCfg = Release|Any CPU
		{22AFD641-6881-4889-8F1C-DF1CDBDE94C7}.Test|Any CPU.Build.0 = Release|Any CPU
		{A775A1F0-9BC7-4C2A-9FAF-6AF87B4CED05}.Debug|Any CPU.ActiveCfg = Debug|Any CPU
		{A775A1F0-9BC7-4C2A-9FAF-6AF87B4CED05}.Debug|Any CPU.Build.0 = Debug|Any CPU
		{A775A1F0-9BC7-4C2A-9FAF-6AF87B4CED05}.Release|Any CPU.ActiveCfg = Release|Any CPU
		{A775A1F0-9BC7-4C2A-9FAF-6AF87B4CED05}.Release|Any CPU.Build.0 = Release|Any CPU
		{A775A1F0-9BC7-4C2A-9FAF-6AF87B4CED05}.Test|Any CPU.ActiveCfg = Release|Any CPU
		{A775A1F0-9BC7-4C2A-9FAF-6AF87B4CED05}.Test|Any CPU.Build.0 = Release|Any CPU
		{8BA3D933-8089-4E81-BC57-A2A41FCA2035}.Debug|Any CPU.ActiveCfg = Debug|Any CPU
		{8BA3D933-8089-4E81-BC57-A2A41FCA2035}.Debug|Any CPU.Build.0 = Debug|Any CPU
		{8BA3D933-8089-4E81-BC57-A2A41FCA2035}.Release|Any CPU.ActiveCfg = Release|Any CPU
		{8BA3D933-8089-4E81-BC57-A2A41FCA2035}.Release|Any CPU.Build.0 = Release|Any CPU
		{8BA3D933-8089-4E81-BC57-A2A41FCA2035}.Test|Any CPU.ActiveCfg = Release|Any CPU
		{8BA3D933-8089-4E81-BC57-A2A41FCA2035}.Test|Any CPU.Build.0 = Release|Any CPU
		{C5F02708-A1A9-4CC8-A92F-9EDC59717222}.Debug|Any CPU.ActiveCfg = Debug|Any CPU
		{C5F02708-A1A9-4CC8-A92F-9EDC59717222}.Debug|Any CPU.Build.0 = Debug|Any CPU
		{C5F02708-A1A9-4CC8-A92F-9EDC59717222}.Release|Any CPU.ActiveCfg = Release|Any CPU
		{C5F02708-A1A9-4CC8-A92F-9EDC59717222}.Release|Any CPU.Build.0 = Release|Any CPU
		{C5F02708-A1A9-4CC8-A92F-9EDC59717222}.Test|Any CPU.ActiveCfg = Release|Any CPU
		{C5F02708-A1A9-4CC8-A92F-9EDC59717222}.Test|Any CPU.Build.0 = Release|Any CPU
		{1D815FBF-451C-4E23-939C-CB80172F445C}.Debug|Any CPU.ActiveCfg = Debug|Any CPU
		{1D815FBF-451C-4E23-939C-CB80172F445C}.Debug|Any CPU.Build.0 = Debug|Any CPU
		{1D815FBF-451C-4E23-939C-CB80172F445C}.Release|Any CPU.ActiveCfg = Release|Any CPU
		{1D815FBF-451C-4E23-939C-CB80172F445C}.Release|Any CPU.Build.0 = Release|Any CPU
		{1D815FBF-451C-4E23-939C-CB80172F445C}.Test|Any CPU.ActiveCfg = Test|Any CPU
		{1D815FBF-451C-4E23-939C-CB80172F445C}.Test|Any CPU.Build.0 = Test|Any CPU
		{CCD291E9-16FA-4B53-B032-EBD3F659567B}.Debug|Any CPU.ActiveCfg = Debug|Any CPU
		{CCD291E9-16FA-4B53-B032-EBD3F659567B}.Debug|Any CPU.Build.0 = Debug|Any CPU
		{CCD291E9-16FA-4B53-B032-EBD3F659567B}.Release|Any CPU.ActiveCfg = Release|Any CPU
		{CCD291E9-16FA-4B53-B032-EBD3F659567B}.Release|Any CPU.Build.0 = Release|Any CPU
		{CCD291E9-16FA-4B53-B032-EBD3F659567B}.Test|Any CPU.ActiveCfg = Release|Any CPU
		{CCD291E9-16FA-4B53-B032-EBD3F659567B}.Test|Any CPU.Build.0 = Release|Any CPU
		{EE8630BC-6191-4C40-9061-12C76342562D}.Debug|Any CPU.ActiveCfg = Debug|Any CPU
		{EE8630BC-6191-4C40-9061-12C76342562D}.Debug|Any CPU.Build.0 = Debug|Any CPU
		{EE8630BC-6191-4C40-9061-12C76342562D}.Release|Any CPU.ActiveCfg = Release|Any CPU
		{EE8630BC-6191-4C40-9061-12C76342562D}.Release|Any CPU.Build.0 = Release|Any CPU
		{EE8630BC-6191-4C40-9061-12C76342562D}.Test|Any CPU.ActiveCfg = Release|Any CPU
		{EE8630BC-6191-4C40-9061-12C76342562D}.Test|Any CPU.Build.0 = Release|Any CPU
		{28733143-8A02-4EF7-8C42-F45BDCC56131}.Debug|Any CPU.ActiveCfg = Debug|Any CPU
		{28733143-8A02-4EF7-8C42-F45BDCC56131}.Debug|Any CPU.Build.0 = Debug|Any CPU
		{28733143-8A02-4EF7-8C42-F45BDCC56131}.Release|Any CPU.ActiveCfg = Release|Any CPU
		{28733143-8A02-4EF7-8C42-F45BDCC56131}.Release|Any CPU.Build.0 = Release|Any CPU
		{28733143-8A02-4EF7-8C42-F45BDCC56131}.Test|Any CPU.ActiveCfg = Release|Any CPU
		{28733143-8A02-4EF7-8C42-F45BDCC56131}.Test|Any CPU.Build.0 = Release|Any CPU
		{E6BEA15C-7067-46C6-85A1-1D3AADA1E178}.Debug|Any CPU.ActiveCfg = Debug|Any CPU
		{E6BEA15C-7067-46C6-85A1-1D3AADA1E178}.Debug|Any CPU.Build.0 = Debug|Any CPU
		{E6BEA15C-7067-46C6-85A1-1D3AADA1E178}.Release|Any CPU.ActiveCfg = Release|Any CPU
		{E6BEA15C-7067-46C6-85A1-1D3AADA1E178}.Release|Any CPU.Build.0 = Release|Any CPU
		{E6BEA15C-7067-46C6-85A1-1D3AADA1E178}.Test|Any CPU.ActiveCfg = Release|Any CPU
		{E6BEA15C-7067-46C6-85A1-1D3AADA1E178}.Test|Any CPU.Build.0 = Release|Any CPU
		{4B5A6872-985A-4D9D-A870-45253B1515C4}.Debug|Any CPU.ActiveCfg = Debug|Any CPU
		{4B5A6872-985A-4D9D-A870-45253B1515C4}.Debug|Any CPU.Build.0 = Debug|Any CPU
		{4B5A6872-985A-4D9D-A870-45253B1515C4}.Release|Any CPU.ActiveCfg = Release|Any CPU
		{4B5A6872-985A-4D9D-A870-45253B1515C4}.Release|Any CPU.Build.0 = Release|Any CPU
		{4B5A6872-985A-4D9D-A870-45253B1515C4}.Test|Any CPU.ActiveCfg = Release|Any CPU
		{4B5A6872-985A-4D9D-A870-45253B1515C4}.Test|Any CPU.Build.0 = Release|Any CPU
	EndGlobalSection
	GlobalSection(SolutionProperties) = preSolution
		HideSolutionNode = FALSE
	EndGlobalSection
	GlobalSection(NestedProjects) = preSolution
		{577B6809-0D6E-4783-B457-7F34D3B765A3} = {7E714F69-38C6-448C-B9D3-BAD01579D823}
		{22AFD641-6881-4889-8F1C-DF1CDBDE94C7} = {7E714F69-38C6-448C-B9D3-BAD01579D823}
		{47AC8705-1AE1-4817-8F0E-6884534DD1FC} = {7CDDCB5C-321F-4A95-A729-13ECE88C9B1E}
		{52CA3481-4A64-4D45-BE80-D4DDD36BF062} = {7CDDCB5C-321F-4A95-A729-13ECE88C9B1E}
		{C5F02708-A1A9-4CC8-A92F-9EDC59717222} = {7CDDCB5C-321F-4A95-A729-13ECE88C9B1E}
		{1D815FBF-451C-4E23-939C-CB80172F445C} = {D29D7012-B5D8-4834-BC1D-CD7315B172DC}
		{CCD291E9-16FA-4B53-B032-EBD3F659567B} = {D29D7012-B5D8-4834-BC1D-CD7315B172DC}
		{EE8630BC-6191-4C40-9061-12C76342562D} = {D29D7012-B5D8-4834-BC1D-CD7315B172DC}
		{28733143-8A02-4EF7-8C42-F45BDCC56131} = {D29D7012-B5D8-4834-BC1D-CD7315B172DC}
		{E6BEA15C-7067-46C6-85A1-1D3AADA1E178} = {D29D7012-B5D8-4834-BC1D-CD7315B172DC}
		{4B5A6872-985A-4D9D-A870-45253B1515C4} = {D29D7012-B5D8-4834-BC1D-CD7315B172DC}
		{A775A1F0-9BC7-4C2A-9FAF-6AF87B4CED05} = {CE5461C9-92AD-4508-90CF-509A5FDA74F6}
		{1059904B-5189-4313-BD88-9392CAEC3C90} = {E737BD1F-68B0-4358-9723-6C25EC1F3244}
		{B21C8CD3-E038-4615-BC4F-864BF3EDEEDE} = {E737BD1F-68B0-4358-9723-6C25EC1F3244}
		{8BA3D933-8089-4E81-BC57-A2A41FCA2035} = {E737BD1F-68B0-4358-9723-6C25EC1F3244}
		{B33D9673-ACCD-4C3A-B4B4-47AFD837DCC5} = {1A80BBEF-C017-44FE-9BDA-6E3FACB1BFA9}
	EndGlobalSection
EndGlobal
